
Microsoft Visual Studio Solution File, Format Version 12.00
# Visual Studio Version 16
VisualStudioVersion = 16.0.30413.136
MinimumVisualStudioVersion = 10.0.40219.1
Project("{FAE04EC0-301F-11D3-BF4B-00C04F79EFBC}") = "SendMail", "SendMail\SendMail.csproj", "{CAC059FA-4857-4F7A-BF40-AD5F29BAB17F}"
EndProject
Project("{FAE04EC0-301F-11D3-BF4B-00C04F79EFBC}") = "WebApplication1", "WebApplication1\WebApplication1.csproj", "{FF2DB5AA-5F7F-44FF-8467-AEA59AA33AC9}"
EndProject
Global
	GlobalSection(SolutionConfigurationPlatforms) = preSolution
		Debug|Any CPU = Debug|Any CPU
		Release|Any CPU = Release|Any CPU
	EndGlobalSection
	GlobalSection(ProjectConfigurationPlatforms) = postSolution
		{CAC059FA-4857-4F7A-BF40-AD5F29BAB17F}.Debug|Any CPU.ActiveCfg = Debug|Any CPU
		{CAC059FA-4857-4F7A-BF40-AD5F29BAB17F}.Debug|Any CPU.Build.0 = Debug|Any CPU
		{CAC059FA-4857-4F7A-BF40-AD5F29BAB17F}.Release|Any CPU.ActiveCfg = Release|Any CPU
		{CAC059FA-4857-4F7A-BF40-AD5F29BAB17F}.Release|Any CPU.Build.0 = Release|Any CPU
		{FF2DB5AA-5F7F-44FF-8467-AEA59AA33AC9}.Debug|Any CPU.ActiveCfg = Debug|Any CPU
		{FF2DB5AA-5F7F-44FF-8467-AEA59AA33AC9}.Debug|Any CPU.Build.0 = Debug|Any CPU
		{FF2DB5AA-5F7F-44FF-8467-AEA59AA33AC9}.Release|Any CPU.ActiveCfg = Release|Any CPU
		{FF2DB5AA-5F7F-44FF-8467-AEA59AA33AC9}.Release|Any CPU.Build.0 = Release|Any CPU
	EndGlobalSection
	GlobalSection(SolutionProperties) = preSolution
		HideSolutionNode = FALSE
	EndGlobalSection
	GlobalSection(ExtensibilityGlobals) = postSolution
		SolutionGuid = {1B756419-A4EC-44E8-A9C4-6258C1F7F59B}
	EndGlobalSection
EndGlobal
